
Microsoft Visual Studio Solution File, Format Version 12.00
# Visual Studio Version 16
VisualStudioVersion = 16.0.30907.101
MinimumVisualStudioVersion = 10.0.40219.1
Project("{FAE04EC0-301F-11D3-BF4B-00C04F79EFBC}") = "Grabber", "Grabber.csproj", "{C2EA7D3C-5326-4A26-9259-E1228CE31690}"
EndProject
Global
	GlobalSection(SolutionConfigurationPlatforms) = preSolution
		Debug|Any CPU = Debug|Any CPU
		Release|Any CPU = Release|Any CPU
	EndGlobalSection
	GlobalSection(ProjectConfigurationPlatforms) = postSolution
		{C2EA7D3C-5326-4A26-9259-E1228CE31690}.Debug|Any CPU.ActiveCfg = Debug|Any CPU
		{C2EA7D3C-5326-4A26-9259-E1228CE31690}.Debug|Any CPU.Build.0 = Debug|Any CPU
		{C2EA7D3C-5326-4A26-9259-E1228CE31690}.Release|Any CPU.ActiveCfg = Release|Any CPU
		{C2EA7D3C-5326-4A26-9259-E1228CE31690}.Release|Any CPU.Build.0 = Release|Any CPU
	EndGlobalSection
	GlobalSection(SolutionProperties) = preSolution
		HideSolutionNode = FALSE
	EndGlobalSection
	GlobalSection(ExtensibilityGlobals) = postSolution
		SolutionGuid = {8E4E48F4-AFF2-42FD-AD40-677C083DEBE8}
	EndGlobalSection
EndGlobal
